# This file is generated by running "yarn install" inside your project.
# Manual changes might be lost - proceed with caution!

__metadata:
  version: 6
  cacheKey: 8

"@rails/actioncable@npm:^6.0.0-alpha":
  version: 6.1.4
  resolution: "@rails/actioncable@npm:6.1.4"
  checksum: 9682388672179979033d8594e3c440ab5c208b5c1c082dd8bdb72dbef7b578fdd848a8aae47f3099af2680d4f0921cd11af194fca79a09441e81b6189dea8591
  languageName: node
  linkType: hard

"@rails/activestorage@npm:^6.0.0-alpha":
  version: 6.1.4
  resolution: "@rails/activestorage@npm:6.1.4"
  dependencies:
    spark-md5: ^3.0.0
  checksum: fdfacbe5249c1ed5c2aa09fe593bf1689840ef4b590766a5638b81b57c3c6307daaf636974a7d0b0a03ced602313440dc161a209e23f73d018fb530489ba3509
  languageName: node
  linkType: hard

"@rails/ujs@npm:^6.0.0-alpha":
  version: 6.1.4
  resolution: "@rails/ujs@npm:6.1.4"
  checksum: e6e7fc15a0cc96ac8a134330eac15270956b8ed13c1b5048d0b17020f33af9de91b76fbaef5f90cb95af9c207fb27477a0c97bb8b691ac9a075ce93e43b404af
  languageName: node
  linkType: hard

"rapid_app@workspace:.":
  version: 0.0.0-use.local
  resolution: "rapid_app@workspace:."
  dependencies:
    "@rails/actioncable": ^6.0.0-alpha
    "@rails/activestorage": ^6.0.0-alpha
    "@rails/ujs": ^6.0.0-alpha
    turbolinks: ^5.2.0
  languageName: unknown
  linkType: soft

"spark-md5@npm:^3.0.0":
  version: 3.0.2
  resolution: "spark-md5@npm:3.0.2"
  checksum: 5feebff0bfabcecf56ba03af3e38fdb068272ed41fbf0a94ff9ef65b9bb9cb1dd69be3684db6542e62497b1eac3ae324c07ac4dcb606465dc36ca048177077bf
  languageName: node
  linkType: hard

"turbolinks@npm:^5.2.0":
  version: 5.2.0
  resolution: "turbolinks@npm:5.2.0"
  checksum: df393c321ed19d9761e632ff357d3cb032a9ca32c07f1ef8202e5f5bb9d17fcc93cdec0d9dfcf0fbca56c373a9dffa2c151639383e663a72897ae434a877819b
  languageName: node
  linkType: hard
